
Microsoft Visual Studio Solution File, Format Version 12.00
# Visual Studio Version 16
VisualStudioVersion = 16.0.30204.135
MinimumVisualStudioVersion = 10.0.40219.1
Project("{8BC9CEB8-8B4A-11D0-8D11-00A0C91BC942}") = "OpenGL", "OpenGL\OpenGL.vcxproj", "{42BAEE5C-5378-490B-A4AA-7BC736272B2F}"
EndProject
Global
	GlobalSection(SolutionConfigurationPlatforms) = preSolution
		Debug|x64 = Debug|x64
		Release|x64 = Release|x64
	EndGlobalSection
	GlobalSection(ProjectConfigurationPlatforms) = postSolution
		{42BAEE5C-5378-490B-A4AA-7BC736272B2F}.Debug|x64.ActiveCfg = Debug|Win32
		{42BAEE5C-5378-490B-A4AA-7BC736272B2F}.Debug|x64.Build.0 = Debug|Win32
		{42BAEE5C-5378-490B-A4AA-7BC736272B2F}.Release|x64.ActiveCfg = Release|Win32
		{42BAEE5C-5378-490B-A4AA-7BC736272B2F}.Release|x64.Build.0 = Release|Win32
	EndGlobalSection
	GlobalSection(SolutionProperties) = preSolution
		HideSolutionNode = FALSE
	EndGlobalSection
	GlobalSection(ExtensibilityGlobals) = postSolution
		SolutionGuid = {0D9F9505-DF81-44CE-BDCF-CB8342435D73}
	EndGlobalSection
EndGlobal
